
Microsoft Visual Studio Solution File, Format Version 12.00
# Visual Studio Version 16
VisualStudioVersion = 16.0.29519.87
MinimumVisualStudioVersion = 10.0.40219.1
Project("{FAE04EC0-301F-11D3-BF4B-00C04F79EFBC}") = "ChatAppTest1", "ChatAppTest1.csproj", "{EE22FB9B-29B6-4368-A4F3-8B29A824EEB1}"
EndProject
Global
	GlobalSection(SolutionConfigurationPlatforms) = preSolution
		Debug|Any CPU = Debug|Any CPU
		Release|Any CPU = Release|Any CPU
	EndGlobalSection
	GlobalSection(ProjectConfigurationPlatforms) = postSolution
		{EE22FB9B-29B6-4368-A4F3-8B29A824EEB1}.Debug|Any CPU.ActiveCfg = Debug|Any CPU
		{EE22FB9B-29B6-4368-A4F3-8B29A824EEB1}.Debug|Any CPU.Build.0 = Debug|Any CPU
		{EE22FB9B-29B6-4368-A4F3-8B29A824EEB1}.Release|Any CPU.ActiveCfg = Release|Any CPU
		{EE22FB9B-29B6-4368-A4F3-8B29A824EEB1}.Release|Any CPU.Build.0 = Release|Any CPU
	EndGlobalSection
	GlobalSection(SolutionProperties) = preSolution
		HideSolutionNode = FALSE
	EndGlobalSection
	GlobalSection(ExtensibilityGlobals) = postSolution
		SolutionGuid = {8CF47CC8-0843-4594-A23D-7D69BBE6586A}
	EndGlobalSection
EndGlobal
